
Microsoft Visual Studio Solution File, Format Version 12.00
# Visual Studio Version 16
VisualStudioVersion = 16.0.29728.190
MinimumVisualStudioVersion = 10.0.40219.1
Project("{FAE04EC0-301F-11D3-BF4B-00C04F79EFBC}") = "LuxC", "CAutomata\LuxC.csproj", "{B7FEC033-E95B-4447-87FE-F5BB7C885F5B}"
EndProject
Global
	GlobalSection(SolutionConfigurationPlatforms) = preSolution
		Debug|Any CPU = Debug|Any CPU
		Release|Any CPU = Release|Any CPU
	EndGlobalSection
	GlobalSection(ProjectConfigurationPlatforms) = postSolution
		{B7FEC033-E95B-4447-87FE-F5BB7C885F5B}.Debug|Any CPU.ActiveCfg = Debug|Any CPU
		{B7FEC033-E95B-4447-87FE-F5BB7C885F5B}.Debug|Any CPU.Build.0 = Debug|Any CPU
		{B7FEC033-E95B-4447-87FE-F5BB7C885F5B}.Release|Any CPU.ActiveCfg = Release|Any CPU
		{B7FEC033-E95B-4447-87FE-F5BB7C885F5B}.Release|Any CPU.Build.0 = Release|Any CPU
	EndGlobalSection
	GlobalSection(SolutionProperties) = preSolution
		HideSolutionNode = FALSE
	EndGlobalSection
	GlobalSection(ExtensibilityGlobals) = postSolution
		SolutionGuid = {9D16AE1D-8E73-4B2D-9F32-3F2792293DD1}
	EndGlobalSection
EndGlobal
